
Microsoft Visual Studio Solution File, Format Version 12.00
# Visual Studio Version 17
VisualStudioVersion = 17.8.34330.188
MinimumVisualStudioVersion = 10.0.40219.1
Project("{FAE04EC0-301F-11D3-BF4B-00C04F79EFBC}") = "RespostaDoProfessor", "RespostaDoProfessor.csproj", "{12C8584A-CCBB-41E0-9881-2E934EB95BDF}"
EndProject
Global
	GlobalSection(SolutionConfigurationPlatforms) = preSolution
		Debug|Any CPU = Debug|Any CPU
		Release|Any CPU = Release|Any CPU
	EndGlobalSection
	GlobalSection(ProjectConfigurationPlatforms) = postSolution
		{12C8584A-CCBB-41E0-9881-2E934EB95BDF}.Debug|Any CPU.ActiveCfg = Debug|Any CPU
		{12C8584A-CCBB-41E0-9881-2E934EB95BDF}.Debug|Any CPU.Build.0 = Debug|Any CPU
		{12C8584A-CCBB-41E0-9881-2E934EB95BDF}.Release|Any CPU.ActiveCfg = Release|Any CPU
		{12C8584A-CCBB-41E0-9881-2E934EB95BDF}.Release|Any CPU.Build.0 = Release|Any CPU
	EndGlobalSection
	GlobalSection(SolutionProperties) = preSolution
		HideSolutionNode = FALSE
	EndGlobalSection
	GlobalSection(ExtensibilityGlobals) = postSolution
		SolutionGuid = {C9E7F512-37C2-4B57-B6B3-E261123497C4}
	EndGlobalSection
EndGlobal
