
Microsoft Visual Studio Solution File, Format Version 12.00
# Visual Studio Version 17
VisualStudioVersion = 17.8.34330.188
MinimumVisualStudioVersion = 10.0.40219.1
Project("{FAE04EC0-301F-11D3-BF4B-00C04F79EFBC}") = "Exercicio117_Judge", "Exercicio117_Judge.csproj", "{AF845BB7-FCF2-4C78-B5BB-482B6DE9604A}"
EndProject
Global
	GlobalSection(SolutionConfigurationPlatforms) = preSolution
		Debug|Any CPU = Debug|Any CPU
		Release|Any CPU = Release|Any CPU
	EndGlobalSection
	GlobalSection(ProjectConfigurationPlatforms) = postSolution
		{AF845BB7-FCF2-4C78-B5BB-482B6DE9604A}.Debug|Any CPU.ActiveCfg = Debug|Any CPU
		{AF845BB7-FCF2-4C78-B5BB-482B6DE9604A}.Debug|Any CPU.Build.0 = Debug|Any CPU
		{AF845BB7-FCF2-4C78-B5BB-482B6DE9604A}.Release|Any CPU.ActiveCfg = Release|Any CPU
		{AF845BB7-FCF2-4C78-B5BB-482B6DE9604A}.Release|Any CPU.Build.0 = Release|Any CPU
	EndGlobalSection
	GlobalSection(SolutionProperties) = preSolution
		HideSolutionNode = FALSE
	EndGlobalSection
	GlobalSection(ExtensibilityGlobals) = postSolution
		SolutionGuid = {743F8ADA-56BB-4A15-866A-D5B77B78470F}
	EndGlobalSection
EndGlobal
