
Microsoft Visual Studio Solution File, Format Version 12.00
# Visual Studio Version 17
VisualStudioVersion = 17.8.34330.188
MinimumVisualStudioVersion = 10.0.40219.1
Project("{FAE04EC0-301F-11D3-BF4B-00C04F79EFBC}") = "Exercicio1048_Judge", "Exercicio1048_Judge.csproj", "{294D6060-02B1-4E57-B4D3-7AD77E83D4D6}"
EndProject
Global
	GlobalSection(SolutionConfigurationPlatforms) = preSolution
		Debug|Any CPU = Debug|Any CPU
		Release|Any CPU = Release|Any CPU
	EndGlobalSection
	GlobalSection(ProjectConfigurationPlatforms) = postSolution
		{294D6060-02B1-4E57-B4D3-7AD77E83D4D6}.Debug|Any CPU.ActiveCfg = Debug|Any CPU
		{294D6060-02B1-4E57-B4D3-7AD77E83D4D6}.Debug|Any CPU.Build.0 = Debug|Any CPU
		{294D6060-02B1-4E57-B4D3-7AD77E83D4D6}.Release|Any CPU.ActiveCfg = Release|Any CPU
		{294D6060-02B1-4E57-B4D3-7AD77E83D4D6}.Release|Any CPU.Build.0 = Release|Any CPU
	EndGlobalSection
	GlobalSection(SolutionProperties) = preSolution
		HideSolutionNode = FALSE
	EndGlobalSection
	GlobalSection(ExtensibilityGlobals) = postSolution
		SolutionGuid = {EF0E4015-F26F-47BE-823E-3A54C6AEF072}
	EndGlobalSection
EndGlobal
