
Microsoft Visual Studio Solution File, Format Version 12.00
# Visual Studio Version 17
VisualStudioVersion = 17.8.34330.188
MinimumVisualStudioVersion = 10.0.40219.1
Project("{FAE04EC0-301F-11D3-BF4B-00C04F79EFBC}") = "Exercicio1049_Judge", "Exercicio1049_Judge.csproj", "{878D83F6-8B9D-483C-BB45-26394C9D749A}"
EndProject
Global
	GlobalSection(SolutionConfigurationPlatforms) = preSolution
		Debug|Any CPU = Debug|Any CPU
		Release|Any CPU = Release|Any CPU
	EndGlobalSection
	GlobalSection(ProjectConfigurationPlatforms) = postSolution
		{878D83F6-8B9D-483C-BB45-26394C9D749A}.Debug|Any CPU.ActiveCfg = Debug|Any CPU
		{878D83F6-8B9D-483C-BB45-26394C9D749A}.Debug|Any CPU.Build.0 = Debug|Any CPU
		{878D83F6-8B9D-483C-BB45-26394C9D749A}.Release|Any CPU.ActiveCfg = Release|Any CPU
		{878D83F6-8B9D-483C-BB45-26394C9D749A}.Release|Any CPU.Build.0 = Release|Any CPU
	EndGlobalSection
	GlobalSection(SolutionProperties) = preSolution
		HideSolutionNode = FALSE
	EndGlobalSection
	GlobalSection(ExtensibilityGlobals) = postSolution
		SolutionGuid = {DE5D08DB-CA39-49A7-86AD-4172EC4FEC5B}
	EndGlobalSection
EndGlobal
