
Microsoft Visual Studio Solution File, Format Version 12.00
# Visual Studio Version 17
VisualStudioVersion = 17.8.34330.188
MinimumVisualStudioVersion = 10.0.40219.1
Project("{FAE04EC0-301F-11D3-BF4B-00C04F79EFBC}") = "Exercicio1002_Judge", "Exercicio1002_Judge.csproj", "{BB3AD45B-4833-4625-99DF-6053CC9E03DE}"
EndProject
Global
	GlobalSection(SolutionConfigurationPlatforms) = preSolution
		Debug|Any CPU = Debug|Any CPU
		Release|Any CPU = Release|Any CPU
	EndGlobalSection
	GlobalSection(ProjectConfigurationPlatforms) = postSolution
		{BB3AD45B-4833-4625-99DF-6053CC9E03DE}.Debug|Any CPU.ActiveCfg = Debug|Any CPU
		{BB3AD45B-4833-4625-99DF-6053CC9E03DE}.Debug|Any CPU.Build.0 = Debug|Any CPU
		{BB3AD45B-4833-4625-99DF-6053CC9E03DE}.Release|Any CPU.ActiveCfg = Release|Any CPU
		{BB3AD45B-4833-4625-99DF-6053CC9E03DE}.Release|Any CPU.Build.0 = Release|Any CPU
	EndGlobalSection
	GlobalSection(SolutionProperties) = preSolution
		HideSolutionNode = FALSE
	EndGlobalSection
	GlobalSection(ExtensibilityGlobals) = postSolution
		SolutionGuid = {D14ADDDE-C805-4590-9AFC-F8AF334422F6}
	EndGlobalSection
EndGlobal
