
Microsoft Visual Studio Solution File, Format Version 12.00
# Visual Studio Version 17
VisualStudioVersion = 17.8.34330.188
MinimumVisualStudioVersion = 10.0.40219.1
Project("{FAE04EC0-301F-11D3-BF4B-00C04F79EFBC}") = "Exercicio1019_Judge", "Exercicio1019_Judge.csproj", "{718C1870-C849-4996-8ABE-7999B1E3B1C9}"
EndProject
Global
	GlobalSection(SolutionConfigurationPlatforms) = preSolution
		Debug|Any CPU = Debug|Any CPU
		Release|Any CPU = Release|Any CPU
	EndGlobalSection
	GlobalSection(ProjectConfigurationPlatforms) = postSolution
		{718C1870-C849-4996-8ABE-7999B1E3B1C9}.Debug|Any CPU.ActiveCfg = Debug|Any CPU
		{718C1870-C849-4996-8ABE-7999B1E3B1C9}.Debug|Any CPU.Build.0 = Debug|Any CPU
		{718C1870-C849-4996-8ABE-7999B1E3B1C9}.Release|Any CPU.ActiveCfg = Release|Any CPU
		{718C1870-C849-4996-8ABE-7999B1E3B1C9}.Release|Any CPU.Build.0 = Release|Any CPU
	EndGlobalSection
	GlobalSection(SolutionProperties) = preSolution
		HideSolutionNode = FALSE
	EndGlobalSection
	GlobalSection(ExtensibilityGlobals) = postSolution
		SolutionGuid = {028EE76E-142F-4653-AC31-49C587612C00}
	EndGlobalSection
EndGlobal
